# THIS IS AN AUTOGENERATED FILE. DO NOT EDIT THIS FILE DIRECTLY.
# yarn lockfile v1


jquery-appear-original@^0.6.2:
  version "0.6.2"
  resolved "https://registry.yarnpkg.com/jquery-appear-original/-/jquery-appear-original-0.6.2.tgz#a1341a727e15348639ea5fe2fe4ec4737a170c05"
  integrity sha512-PxvsyDld5SthfNwL19vh4aga/2hYCK/zH90l1/aYxFAD6IyG53Y1kHt5hjaT1Ch3u6ztdHWx93olsjNXSN0gEw==
